
Microsoft Visual Studio Solution File, Format Version 12.00
# Visual Studio Version 17
VisualStudioVersion = 17.14.36310.24
MinimumVisualStudioVersion = 10.0.40219.1
Project("{FAE04EC0-301F-11D3-BF4B-00C04F79EFBC}") = "ABCRetailers", "ABCRetailers.csproj", "{D924CB50-CFE4-4047-AB47-DD35950DAAD2}"
EndProject
Project("{FAE04EC0-301F-11D3-BF4B-00C04F79EFBC}") = "ABCRetailersFunctions", "..\ABCRetailersFunctions\ABCRetailersFunctions.csproj", "{8399549A-2AEA-465B-947C-078806B578E8}"
EndProject
Global
	GlobalSection(SolutionConfigurationPlatforms) = preSolution
		Debug|Any CPU = Debug|Any CPU
		Release|Any CPU = Release|Any CPU
	EndGlobalSection
	GlobalSection(ProjectConfigurationPlatforms) = postSolution
		{D924CB50-CFE4-4047-AB47-DD35950DAAD2}.Debug|Any CPU.ActiveCfg = Debug|Any CPU
		{D924CB50-CFE4-4047-AB47-DD35950DAAD2}.Debug|Any CPU.Build.0 = Debug|Any CPU
		{D924CB50-CFE4-4047-AB47-DD35950DAAD2}.Release|Any CPU.ActiveCfg = Release|Any CPU
		{D924CB50-CFE4-4047-AB47-DD35950DAAD2}.Release|Any CPU.Build.0 = Release|Any CPU
		{8399549A-2AEA-465B-947C-078806B578E8}.Debug|Any CPU.ActiveCfg = Debug|Any CPU
		{8399549A-2AEA-465B-947C-078806B578E8}.Debug|Any CPU.Build.0 = Debug|Any CPU
		{8399549A-2AEA-465B-947C-078806B578E8}.Release|Any CPU.ActiveCfg = Release|Any CPU
		{8399549A-2AEA-465B-947C-078806B578E8}.Release|Any CPU.Build.0 = Release|Any CPU
	EndGlobalSection
	GlobalSection(SolutionProperties) = preSolution
		HideSolutionNode = FALSE
	EndGlobalSection
	GlobalSection(ExtensibilityGlobals) = postSolution
		SolutionGuid = {FA76B106-749D-4870-9552-6F7F5C1AF70F}
	EndGlobalSection
EndGlobal
